
Microsoft Visual Studio Solution File, Format Version 12.00
# Visual Studio Version 17
VisualStudioVersion = 17.0.31912.275
MinimumVisualStudioVersion = 10.0.40219.1
Project("{9A19103F-16F7-4668-BE54-9A1E7A4F7556}") = "Decoder", "Decoder.csproj", "{996DDBB9-20EC-491E-9770-23B1EFB338D1}"
EndProject
Global
	GlobalSection(SolutionConfigurationPlatforms) = preSolution
		Debug|Any CPU = Debug|Any CPU
		Release|Any CPU = Release|Any CPU
	EndGlobalSection
	GlobalSection(ProjectConfigurationPlatforms) = postSolution
		{996DDBB9-20EC-491E-9770-23B1EFB338D1}.Debug|Any CPU.ActiveCfg = Debug|Any CPU
		{996DDBB9-20EC-491E-9770-23B1EFB338D1}.Debug|Any CPU.Build.0 = Debug|Any CPU
		{996DDBB9-20EC-491E-9770-23B1EFB338D1}.Release|Any CPU.ActiveCfg = Release|Any CPU
		{996DDBB9-20EC-491E-9770-23B1EFB338D1}.Release|Any CPU.Build.0 = Release|Any CPU
	EndGlobalSection
	GlobalSection(SolutionProperties) = preSolution
		HideSolutionNode = FALSE
	EndGlobalSection
	GlobalSection(ExtensibilityGlobals) = postSolution
		SolutionGuid = {7E2C60D2-E6AF-4D7E-B0AA-4A8333D2E4D9}
	EndGlobalSection
EndGlobal
