
Microsoft Visual Studio Solution File, Format Version 12.00
# Visual Studio Version 16
VisualStudioVersion = 16.0.31702.278
MinimumVisualStudioVersion = 10.0.40219.1
Project("{9A19103F-16F7-4668-BE54-9A1E7A4F7556}") = "Decoder", "Decoder.csproj", "{20BD91A9-B488-411F-ACF4-84287EC9C7E8}"
EndProject
Global
	GlobalSection(SolutionConfigurationPlatforms) = preSolution
		Debug|Any CPU = Debug|Any CPU
		Release|Any CPU = Release|Any CPU
	EndGlobalSection
	GlobalSection(ProjectConfigurationPlatforms) = postSolution
		{20BD91A9-B488-411F-ACF4-84287EC9C7E8}.Debug|Any CPU.ActiveCfg = Debug|Any CPU
		{20BD91A9-B488-411F-ACF4-84287EC9C7E8}.Debug|Any CPU.Build.0 = Debug|Any CPU
		{20BD91A9-B488-411F-ACF4-84287EC9C7E8}.Release|Any CPU.ActiveCfg = Release|Any CPU
		{20BD91A9-B488-411F-ACF4-84287EC9C7E8}.Release|Any CPU.Build.0 = Release|Any CPU
	EndGlobalSection
	GlobalSection(SolutionProperties) = preSolution
		HideSolutionNode = FALSE
	EndGlobalSection
	GlobalSection(ExtensibilityGlobals) = postSolution
		SolutionGuid = {2DBD48D9-8846-41B5-857B-AF089EAE8052}
	EndGlobalSection
EndGlobal
